// !$*UTF8*$!
{
	archiveVersion = 1;
	classes = {
	};
	objectVersion = 46;
	objects = {

/* Begin PBXBuildFile section */
		51A2DA5E1C4DF51A0064E0D0 /* main.m in Sources */ = {isa = PBXBuildFile; fileRef = 51A2DA5D1C4DF51A0064E0D0 /* main.m */; };
		51A2DA611C4DF51A0064E0D0 /* AppDelegate.m in Sources */ = {isa = PBXBuildFile; fileRef = 51A2DA601C4DF51A0064E0D0 /* AppDelegate.m */; };
		51A2DA641C4DF51A0064E0D0 /* ViewController.m in Sources */ = {isa = PBXBuildFile; fileRef = 51A2DA631C4DF51A0064E0D0 /* ViewController.m */; };
		51A2DA671C4DF51A0064E0D0 /* Main.storyboard in Resources */ = {isa = PBXBuildFile; fileRef = 51A2DA651C4DF51A0064E0D0 /* Main.storyboard */; };
		51A2DA691C4DF51A0064E0D0 /* Assets.xcassets in Resources */ = {isa = PBXBuildFile; fileRef = 51A2DA681C4DF51A0064E0D0 /* Assets.xcassets */; };
		51A2DA6C1C4DF51A0064E0D0 /* LaunchScreen.storyboard in Resources */ = {isa = PBXBuildFile; fileRef = 51A2DA6A1C4DF51A0064E0D0 /* LaunchScreen.storyboard */; };
		51A2DA771C4DF51A0064E0D0 /* JaciTests.m in Sources */ = {isa = PBXBuildFile; fileRef = 51A2DA761C4DF51A0064E0D0 /* JaciTests.m */; };
		51A2DA821C4DF51A0064E0D0 /* JaciUITests.m in Sources */ = {isa = PBXBuildFile; fileRef = 51A2DA811C4DF51A0064E0D0 /* JaciUITests.m */; };
/* End PBXBuildFile section */

/* Begin PBXContainerItemProxy section */
		51A2DA731C4DF51A0064E0D0 /* PBXContainerItemProxy */ = {
			isa = PBXContainerItemProxy;
			containerPortal = 51A2DA511C4DF51A0064E0D0 /* Project object */;
			proxyType = 1;
			remoteGlobalIDString = 51A2DA581C4DF51A0064E0D0;
			remoteInfo = Jaci;
		};
		51A2DA7E1C4DF51A0064E0D0 /* PBXContainerItemProxy */ = {
			isa = PBXContainerItemProxy;
			containerPortal = 51A2DA511C4DF51A0064E0D0 /* Project object */;
			proxyType = 1;
			remoteGlobalIDString = 51A2DA581C4DF51A0064E0D0;
			remoteInfo = Jaci;
		};
/* End PBXContainerItemProxy section */

/* Begin PBXFileReference section */
		51A2DA591C4DF51A0064E0D0 /* Jaci.app */ = {isa = PBXFileReference; explicitFileType = wrapper.application; includeInIndex = 0; path = Jaci.app; sourceTree = BUILT_PRODUCTS_DIR; };
		51A2DA5D1C4DF51A0064E0D0 /* main.m */ = {isa = PBXFileReference; lastKnownFileType = sourcecode.c.objc; path = main.m; sourceTree = "<group>"; };
		51A2DA5F1C4DF51A0064E0D0 /* AppDelegate.h */ = {isa = PBXFileReference; lastKnownFileType = sourcecode.c.h; path = AppDelegate.h; sourceTree = "<group>"; };
		51A2DA601C4DF51A0064E0D0 /* AppDelegate.m */ = {isa = PBXFileReference; lastKnownFileType = sourcecode.c.objc; path = AppDelegate.m; sourceTree = "<group>"; };
		51A2DA621C4DF51A0064E0D0 /* ViewController.h */ = {isa = PBXFileReference; lastKnownFileType = sourcecode.c.h; path = ViewController.h; sourceTree = "<group>"; };
		51A2DA631C4DF51A0064E0D0 /* ViewController.m */ = {isa = PBXFileReference; lastKnownFileType = sourcecode.c.objc; path = ViewController.m; sourceTree = "<group>"; };
		51A2DA661C4DF51A0064E0D0 /* Base */ = {isa = PBXFileReference; lastKnownFileType = file.storyboard; name = Base; path = Base.lproj/Main.storyboard; sourceTree = "<group>"; };
		51A2DA681C4DF51A0064E0D0 /* Assets.xcassets */ = {isa = PBXFileReference; lastKnownFileType = folder.assetcatalog; path = Assets.xcassets; sourceTree = "<group>"; };
		51A2DA6B1C4DF51A0064E0D0 /* Base */ = {isa = PBXFileReference; lastKnownFileType = file.storyboard; name = Base; path = Base.lproj/LaunchScreen.storyboard; sourceTree = "<group>"; };
		51A2DA6D1C4DF51A0064E0D0 /* Info.plist */ = {isa = PBXFileReference; lastKnownFileType = text.plist.xml; path = Info.plist; sourceTree = "<group>"; };
		51A2DA721C4DF51A0064E0D0 /* JaciTests.xctest */ = {isa = PBXFileReference; explicitFileType = wrapper.cfbundle; includeInIndex = 0; path = JaciTests.xctest; sourceTree = BUILT_PRODUCTS_DIR; };
		51A2DA761C4DF51A0064E0D0 /* JaciTests.m */ = {isa = PBXFileReference; lastKnownFileType = sourcecode.c.objc; path = JaciTests.m; sourceTree = "<group>"; };
		51A2DA781C4DF51A0064E0D0 /* Info.plist */ = {isa = PBXFileReference; lastKnownFileType = text.plist.xml; path = Info.plist; sourceTree = "<group>"; };
		51A2DA7D1C4DF51A0064E0D0 /* JaciUITests.xctest */ = {isa = PBXFileReference; explicitFileType = wrapper.cfbundle; includeInIndex = 0; path = JaciUITests.xctest; sourceTree = BUILT_PRODUCTS_DIR; };
		51A2DA811C4DF51A0064E0D0 /* JaciUITests.m */ = {isa = PBXFileReference; lastKnownFileType = sourcecode.c.objc; path = JaciUITests.m; sourceTree = "<group>"; };
		51A2DA831C4DF51A0064E0D0 /* Info.plist */ = {isa = PBXFileReference; lastKnownFileType = text.plist.xml; path = Info.plist; sourceTree = "<group>"; };
/* End PBXFileReference section */

/* Begin PBXFrameworksBuildPhase section */
		51A2DA561C4DF51A0064E0D0 /* Frameworks */ = {
			isa = PBXFrameworksBuildPhase;
			buildActionMask = 2147483647;
			files = (
			);
			runOnlyForDeploymentPostprocessing = 0;
		};
		51A2DA6F1C4DF51A0064E0D0 /* Frameworks */ = {
			isa = PBXFrameworksBuildPhase;
			buildActionMask = 2147483647;
			files = (
			);
			runOnlyForDeploymentPostprocessing = 0;
		};
		51A2DA7A1C4DF51A0064E0D0 /* Frameworks */ = {
			isa = PBXFrameworksBuildPhase;
			buildActionMask = 2147483647;
			files = (
			);
			runOnlyForDeploymentPostprocessing = 0;
		};
/* End PBXFrameworksBuildPhase section */

/* Begin PBXGroup section */
		51A2DA501C4DF51A0064E0D0 = {
			isa = PBXGroup;
			children = (
				51A2DA5B1C4DF51A0064E0D0 /* Jaci */,
				51A2DA751C4DF51A0064E0D0 /* JaciTests */,
				51A2DA801C4DF51A0064E0D0 /* JaciUITests */,
				51A2DA5A1C4DF51A0064E0D0 /* Products */,
			);
			sourceTree = "<group>";
		};
		51A2DA5A1C4DF51A0064E0D0 /* Products */ = {
			isa = PBXGroup;
			children = (
				51A2DA591C4DF51A0064E0D0 /* Jaci.app */,
				51A2DA721C4DF51A0064E0D0 /* JaciTests.xctest */,
				51A2DA7D1C4DF51A0064E0D0 /* JaciUITests.xctest */,
			);
			name = Products;
			sourceTree = "<group>";
		};
		51A2DA5B1C4DF51A0064E0D0 /* Jaci */ = {
			isa = PBXGroup;
			children = (
				51A2DA5F1C4DF51A0064E0D0 /* AppDelegate.h */,
				51A2DA601C4DF51A0064E0D0 /* AppDelegate.m */,
				51A2DA621C4DF51A0064E0D0 /* ViewController.h */,
				51A2DA631C4DF51A0064E0D0 /* ViewController.m */,
				51A2DA651C4DF51A0064E0D0 /* Main.storyboard */,
				51A2DA681C4DF51A0064E0D0 /* Assets.xcassets */,
				51A2DA6A1C4DF51A0064E0D0 /* LaunchScreen.storyboard */,
				51A2DA6D1C4DF51A0064E0D0 /* Info.plist */,
				51A2DA5C1C4DF51A0064E0D0 /* Supporting Files */,
			);
			path = Jaci;
			sourceTree = "<group>";
		};
		51A2DA5C1C4DF51A0064E0D0 /* Supporting Files */ = {
			isa = PBXGroup;
			children = (
				51A2DA5D1C4DF51A0064E0D0 /* main.m */,
			);
			name = "Supporting Files";
			sourceTree = "<group>";
		};
		51A2DA751C4DF51A0064E0D0 /* JaciTests */ = {
			isa = PBXGroup;
			children = (
				51A2DA761C4DF51A0064E0D0 /* JaciTests.m */,
				51A2DA781C4DF51A0064E0D0 /* Info.plist */,
			);
			path = JaciTests;
			sourceTree = "<group>";
		};
		51A2DA801C4DF51A0064E0D0 /* JaciUITests */ = {
			isa = PBXGroup;
			children = (
				51A2DA811C4DF51A0064E0D0 /* JaciUITests.m */,
				51A2DA831C4DF51A0064E0D0 /* Info.plist */,
			);
			path = JaciUITests;
			sourceTree = "<group>";
		};
/* End PBXGroup section */

/* Begin PBXNativeTarget section */
		51A2DA581C4DF51A0064E0D0 /* Jaci */ = {
			isa = PBXNativeTarget;
			buildConfigurationList = 51A2DA861C4DF51A0064E0D0 /* Build configuration list for PBXNativeTarget "Jaci" */;
			buildPhases = (
				51A2DA551C4DF51A0064E0D0 /* Sources */,
				51A2DA561C4DF51A0064E0D0 /* Frameworks */,
				51A2DA571C4DF51A0064E0D0 /* Resources */,
			);
			buildRules = (
			);
			dependencies = (
			);
			name = Jaci;
			productName = Jaci;
			productReference = 51A2DA591C4DF51A0064E0D0 /* Jaci.app */;
			productType = "com.apple.product-type.application";
		};
		51A2DA711C4DF51A0064E0D0 /* JaciTests */ = {
			isa = PBXNativeTarget;
			buildConfigurationList = 51A2DA891C4DF51A0064E0D0 /* Build configuration list for PBXNativeTarget "JaciTests" */;
			buildPhases = (
				51A2DA6E1C4DF51A0064E0D0 /* Sources */,
				51A2DA6F1C4DF51A0064E0D0 /* Frameworks */,
				51A2DA701C4DF51A0064E0D0 /* Resources */,
			);
			buildRules = (
			);
			dependencies = (
				51A2DA741C4DF51A0064E0D0 /* PBXTargetDependency */,
			);
			name = JaciTests;
			productName = JaciTests;
			productReference = 51A2DA721C4DF51A0064E0D0 /* JaciTests.xctest */;
			productType = "com.apple.product-type.bundle.unit-test";
		};
		51A2DA7C1C4DF51A0064E0D0 /* JaciUITests */ = {
			isa = PBXNativeTarget;
			buildConfigurationList = 51A2DA8C1C4DF51A0064E0D0 /* Build configuration list for PBXNativeTarget "JaciUITests" */;
			buildPhases = (
				51A2DA791C4DF51A0064E0D0 /* Sources */,
				51A2DA7A1C4DF51A0064E0D0 /* Frameworks */,
				51A2DA7B1C4DF51A0064E0D0 /* Resources */,
			);
			buildRules = (
			);
			dependencies = (
				51A2DA7F1C4DF51A0064E0D0 /* PBXTargetDependency */,
			);
			name = JaciUITests;
			productName = JaciUITests;
			productReference = 51A2DA7D1C4DF51A0064E0D0 /* JaciUITests.xctest */;
			productType = "com.apple.product-type.bundle.ui-testing";
		};
/* End PBXNativeTarget section */

/* Begin PBXProject section */
		51A2DA511C4DF51A0064E0D0 /* Project object */ = {
			isa = PBXProject;
			attributes = {
				LastUpgradeCheck = 0720;
				ORGANIZATIONNAME = "Kerolos Nakhla";
				TargetAttributes = {
					51A2DA581C4DF51A0064E0D0 = {
						CreatedOnToolsVersion = 7.2;
					};
					51A2DA711C4DF51A0064E0D0 = {
						CreatedOnToolsVersion = 7.2;
						TestTargetID = 51A2DA581C4DF51A0064E0D0;
					};
					51A2DA7C1C4DF51A0064E0D0 = {
						CreatedOnToolsVersion = 7.2;
						TestTargetID = 51A2DA581C4DF51A0064E0D0;
					};
				};
			};
			buildConfigurationList = 51A2DA541C4DF51A0064E0D0 /* Build configuration list for PBXProject "Jaci" */;
			compatibilityVersion = "Xcode 3.2";
			developmentRegion = English;
			hasScannedForEncodings = 0;
			knownRegions = (
				en,
				Base,
			);
			mainGroup = 51A2DA501C4DF51A0064E0D0;
			productRefGroup = 51A2DA5A1C4DF51A0064E0D0 /* Products */;
			projectDirPath = "";
			projectRoot = "";
			targets = (
				51A2DA581C4DF51A0064E0D0 /* Jaci */,
				51A2DA711C4DF51A0064E0D0 /* JaciTests */,
				51A2DA7C1C4DF51A0064E0D0 /* JaciUITests */,
			);
		};
/* End PBXProject section */

/* Begin PBXResourcesBuildPhase section */
		51A2DA571C4DF51A0064E0D0 /* Resources */ = {
			isa = PBXResourcesBuildPhase;
			buildActionMask = 2147483647;
			files = (
				51A2DA6C1C4DF51A0064E0D0 /* LaunchScreen.storyboard in Resources */,
				51A2DA691C4DF51A0064E0D0 /* Assets.xcassets in Resources */,
				51A2DA671C4DF51A0064E0D0 /* Main.storyboard in Resources */,
			);
			runOnlyForDeploymentPostprocessing = 0;
		};
		51A2DA701C4DF51A0064E0D0 /* Resources */ = {
			isa = PBXResourcesBuildPhase;
			buildActionMask = 2147483647;
			files = (
			);
			runOnlyForDeploymentPostprocessing = 0;
		};
		51A2DA7B1C4DF51A0064E0D0 /* Resources */ = {
			isa = PBXResourcesBuildPhase;
			buildActionMask = 2147483647;
			files = (
			);
			runOnlyForDeploymentPostprocessing = 0;
		};
/* End PBXResourcesBuildPhase section */

/* Begin PBXSourcesBuildPhase section */
		51A2DA551C4DF51A0064E0D0 /* Sources */ = {
			isa = PBXSourcesBuildPhase;
			buildActionMask = 2147483647;
			files = (
				51A2DA641C4DF51A0064E0D0 /* ViewController.m in Sources */,
				51A2DA611C4DF51A0064E0D0 /* AppDelegate.m in Sources */,
				51A2DA5E1C4DF51A0064E0D0 /* main.m in Sources */,
			);
			runOnlyForDeploymentPostprocessing = 0;
		};
		51A2DA6E1C4DF51A0064E0D0 /* Sources */ = {
			isa = PBXSourcesBuildPhase;
			buildActionMask = 2147483647;
			files = (
				51A2DA771C4DF51A0064E0D0 /* JaciTests.m in Sources */,
			);
			runOnlyForDeploymentPostprocessing = 0;
		};
		51A2DA791C4DF51A0064E0D0 /* Sources */ = {
			isa = PBXSourcesBuildPhase;
			buildActionMask = 2147483647;
			files = (
				51A2DA821C4DF51A0064E0D0 /* JaciUITests.m in Sources */,
			);
			runOnlyForDeploymentPostprocessing = 0;
		};
/* End PBXSourcesBuildPhase section */

/* Begin PBXTargetDependency section */
		51A2DA741C4DF51A0064E0D0 /* PBXTargetDependency */ = {
			isa = PBXTargetDependency;
			target = 51A2DA581C4DF51A0064E0D0 /* Jaci */;
			targetProxy = 51A2DA731C4DF51A0064E0D0 /* PBXContainerItemProxy */;
		};
		51A2DA7F1C4DF51A0064E0D0 /* PBXTargetDependency */ = {
			isa = PBXTargetDependency;
			target = 51A2DA581C4DF51A0064E0D0 /* Jaci */;
			targetProxy = 51A2DA7E1C4DF51A0064E0D0 /* PBXContainerItemProxy */;
		};
/* End PBXTargetDependency section */

/* Begin PBXVariantGroup section */
		51A2DA651C4DF51A0064E0D0 /* Main.storyboard */ = {
			isa = PBXVariantGroup;
			children = (
				51A2DA661C4DF51A0064E0D0 /* Base */,
			);
			name = Main.storyboard;
			sourceTree = "<group>";
		};
		51A2DA6A1C4DF51A0064E0D0 /* LaunchScreen.storyboard */ = {
			isa = PBXVariantGroup;
			children = (
				51A2DA6B1C4DF51A0064E0D0 /* Base */,
			);
			name = LaunchScreen.storyboard;
			sourceTree = "<group>";
		};
/* End PBXVariantGroup section */

/* Begin XCBuildConfiguration section */
		51A2DA841C4DF51A0064E0D0 /* Debug */ = {
			isa = XCBuildConfiguration;
			buildSettings = {
				ALWAYS_SEARCH_USER_PATHS = NO;
				CLANG_CXX_LANGUAGE_STANDARD = "gnu++0x";
				CLANG_CXX_LIBRARY = "libc++";
				CLANG_ENABLE_MODULES = YES;
				CLANG_ENABLE_OBJC_ARC = YES;
				CLANG_WARN_BOOL_CONVERSION = YES;
				CLANG_WARN_CONSTANT_CONVERSION = YES;
				CLANG_WARN_DIRECT_OBJC_ISA_USAGE = YES_ERROR;
				CLANG_WARN_EMPTY_BODY = YES;
				CLANG_WARN_ENUM_CONVERSION = YES;
				CLANG_WARN_INT_CONVERSION = YES;
				CLANG_WARN_OBJC_ROOT_CLASS = YES_ERROR;
				CLANG_WARN_UNREACHABLE_CODE = YES;
				CLANG_WARN__DUPLICATE_METHOD_MATCH = YES;
				"CODE_SIGN_IDENTITY[sdk=iphoneos*]" = "iPhone Developer";
				COPY_PHASE_STRIP = NO;
				DEBUG_INFORMATION_FORMAT = dwarf;
				ENABLE_STRICT_OBJC_MSGSEND = YES;
				ENABLE_TESTABILITY = YES;
				GCC_C_LANGUAGE_STANDARD = gnu99;
				GCC_DYNAMIC_NO_PIC = NO;
				GCC_NO_COMMON_BLOCKS = YES;
				GCC_OPTIMIZATION_LEVEL = 0;
				GCC_PREPROCESSOR_DEFINITIONS = (
					"DEBUG=1",
					"$(inherited)",
				);
				GCC_WARN_64_TO_32_BIT_CONVERSION = YES;
				GCC_WARN_ABOUT_RETURN_TYPE = YES_ERROR;
				GCC_WARN_UNDECLARED_SELECTOR = YES;
				GCC_WARN_UNINITIALIZED_AUTOS = YES_AGGRESSIVE;
				GCC_WARN_UNUSED_FUNCTION = YES;
				GCC_WARN_UNUSED_VARIABLE = YES;
				IPHONEOS_DEPLOYMENT_TARGET = 9.2;
				MTL_ENABLE_DEBUG_INFO = YES;
				ONLY_ACTIVE_ARCH = YES;
				SDKROOT = iphoneos;
				TARGETED_DEVICE_FAMILY = "1,2";
			};
			name = Debug;
		};
		51A2DA851C4DF51A0064E0D0 /* Release */ = {
			isa = XCBuildConfiguration;
			buildSettings = {
				ALWAYS_SEARCH_USER_PATHS = NO;
				CLANG_CXX_LANGUAGE_STANDARD = "gnu++0x";
				CLANG_CXX_LIBRARY = "libc++";
				CLANG_ENABLE_MODULES = YES;
				CLANG_ENABLE_OBJC_ARC = YES;
				CLANG_WARN_BOOL_CONVERSION = YES;
				CLANG_WARN_CONSTANT_CONVERSION = YES;
				CLANG_WARN_DIRECT_OBJC_ISA_USAGE = YES_ERROR;
				CLANG_WARN_EMPTY_BODY = YES;
				CLANG_WARN_ENUM_CONVERSION = YES;
				CLANG_WARN_INT_CONVERSION = YES;
				CLANG_WARN_OBJC_ROOT_CLASS = YES_ERROR;
				CLANG_WARN_UNREACHABLE_CODE = YES;
				CLANG_WARN__DUPLICATE_METHOD_MATCH = YES;
				"CODE_SIGN_IDENTITY[sdk=iphoneos*]" = "iPhone Developer";
				COPY_PHASE_STRIP = NO;
				DEBUG_INFORMATION_FORMAT = "dwarf-with-dsym";
				ENABLE_NS_ASSERTIONS = NO;
				ENABLE_STRICT_OBJC_MSGSEND = YES;
				GCC_C_LANGUAGE_STANDARD = gnu99;
				GCC_NO_COMMON_BLOCKS = YES;
				GCC_WARN_64_TO_32_BIT_CONVERSION = YES;
				GCC_WARN_ABOUT_RETURN_TYPE = YES_ERROR;
				GCC_WARN_UNDECLARED_SELECTOR = YES;
				GCC_WARN_UNINITIALIZED_AUTOS = YES_AGGRESSIVE;
				GCC_WARN_UNUSED_FUNCTION = YES;
				GCC_WARN_UNUSED_VARIABLE = YES;
				IPHONEOS_DEPLOYMENT_TARGET = 9.2;
				MTL_ENABLE_DEBUG_INFO = NO;
				SDKROOT = iphoneos;
				TARGETED_DEVICE_FAMILY = "1,2";
				VALIDATE_PRODUCT = YES;
			};
			name = Release;
		};
		51A2DA871C4DF51A0064E0D0 /* Debug */ = {
			isa = XCBuildConfiguration;
			buildSettings = {
				ASSETCATALOG_COMPILER_APPICON_NAME = AppIcon;
				INFOPLIST_FILE = Jaci/Info.plist;
				LD_RUNPATH_SEARCH_PATHS = "$(inherited) @executable_path/Frameworks";
				PRODUCT_BUNDLE_IDENTIFIER = com.keronakhla.Jaci;
				PRODUCT_NAME = "$(TARGET_NAME)";
			};
			name = Debug;
		};
		51A2DA881C4DF51A0064E0D0 /* Release */ = {
			isa = XCBuildConfiguration;
			buildSettings = {
				ASSETCATALOG_COMPILER_APPICON_NAME = AppIcon;
				INFOPLIST_FILE = Jaci/Info.plist;
				LD_RUNPATH_SEARCH_PATHS = "$(inherited) @executable_path/Frameworks";
				PRODUCT_BUNDLE_IDENTIFIER = com.keronakhla.Jaci;
				PRODUCT_NAME = "$(TARGET_NAME)";
			};
			name = Release;
		};
		51A2DA8A1C4DF51A0064E0D0 /* Debug */ = {
			isa = XCBuildConfiguration;
			buildSettings = {
				BUNDLE_LOADER = "$(TEST_HOST)";
				INFOPLIST_FILE = JaciTests/Info.plist;
				LD_RUNPATH_SEARCH_PATHS = "$(inherited) @executable_path/Frameworks @loader_path/Frameworks";
				PRODUCT_BUNDLE_IDENTIFIER = com.keronakhla.JaciTests;
				PRODUCT_NAME = "$(TARGET_NAME)";
				TEST_HOST = "$(BUILT_PRODUCTS_DIR)/Jaci.app/Jaci";
			};
			name = Debug;
		};
		51A2DA8B1C4DF51A0064E0D0 /* Release */ = {
			isa = XCBuildConfiguration;
			buildSettings = {
				BUNDLE_LOADER = "$(TEST_HOST)";
				INFOPLIST_FILE = JaciTests/Info.plist;
				LD_RUNPATH_SEARCH_PATHS = "$(inherited) @executable_path/Frameworks @loader_path/Frameworks";
				PRODUCT_BUNDLE_IDENTIFIER = com.keronakhla.JaciTests;
				PRODUCT_NAME = "$(TARGET_NAME)";
				TEST_HOST = "$(BUILT_PRODUCTS_DIR)/Jaci.app/Jaci";
			};
			name = Release;
		};
		51A2DA8D1C4DF51A0064E0D0 /* Debug */ = {
			isa = XCBuildConfiguration;
			buildSettings = {
				INFOPLIST_FILE = JaciUITests/Info.plist;
				LD_RUNPATH_SEARCH_PATHS = "$(inherited) @executable_path/Frameworks @loader_path/Frameworks";
				PRODUCT_BUNDLE_IDENTIFIER = com.keronakhla.JaciUITests;
				PRODUCT_NAME = "$(TARGET_NAME)";
				TEST_TARGET_NAME = Jaci;
				USES_XCTRUNNER = YES;
			};
			name = Debug;
		};
		51A2DA8E1C4DF51A0064E0D0 /* Release */ = {
			isa = XCBuildConfiguration;
			buildSettings = {
				INFOPLIST_FILE = JaciUITests/Info.plist;
				LD_RUNPATH_SEARCH_PATHS = "$(inherited) @executable_path/Frameworks @loader_path/Frameworks";
				PRODUCT_BUNDLE_IDENTIFIER = com.keronakhla.JaciUITests;
				PRODUCT_NAME = "$(TARGET_NAME)";
				TEST_TARGET_NAME = Jaci;
				USES_XCTRUNNER = YES;
			};
			name = Release;
		};
/* End XCBuildConfiguration section */

/* Begin XCConfigurationList section */
		51A2DA541C4DF51A0064E0D0 /* Build configuration list for PBXProject "Jaci" */ = {
			isa = XCConfigurationList;
			buildConfigurations = (
				51A2DA841C4DF51A0064E0D0 /* Debug */,
				51A2DA851C4DF51A0064E0D0 /* Release */,
			);
			defaultConfigurationIsVisible = 0;
			defaultConfigurationName = Release;
		};
		51A2DA861C4DF51A0064E0D0 /* Build configuration list for PBXNativeTarget "Jaci" */ = {
			isa = XCConfigurationList;
			buildConfigurations = (
				51A2DA871C4DF51A0064E0D0 /* Debug */,
				51A2DA881C4DF51A0064E0D0 /* Release */,
			);
			defaultConfigurationIsVisible = 0;
		};
		51A2DA891C4DF51A0064E0D0 /* Build configuration list for PBXNativeTarget "JaciTests" */ = {
			isa = XCConfigurationList;
			buildConfigurations = (
				51A2DA8A1C4DF51A0064E0D0 /* Debug */,
				51A2DA8B1C4DF51A0064E0D0 /* Release */,
			);
			defaultConfigurationIsVisible = 0;
		};
		51A2DA8C1C4DF51A0064E0D0 /* Build configuration list for PBXNativeTarget "JaciUITests" */ = {
			isa = XCConfigurationList;
			buildConfigurations = (
				51A2DA8D1C4DF51A0064E0D0 /* Debug */,
				51A2DA8E1C4DF51A0064E0D0 /* Release */,
			);
			defaultConfigurationIsVisible = 0;
		};
/* End XCConfigurationList section */
	};
	rootObject = 51A2DA511C4DF51A0064E0D0 /* Project object */;
}
